
Microsoft Visual Studio Solution File, Format Version 12.00
# Visual Studio Version 17
VisualStudioVersion = 17.11.35222.181
MinimumVisualStudioVersion = 10.0.40219.1
Project("{2150E333-8FDC-42A3-9474-1A3956D46DE8}") = "Services", "Services", "{4CDEC6CE-2530-46C9-B9EB-1A5D31F9A89E}"
EndProject
Project("{2150E333-8FDC-42A3-9474-1A3956D46DE8}") = "Catalog", "Catalog", "{3AA80523-0F7F-4ED1-9220-680C3BFFF315}"
EndProject
Project("{9A19103F-16F7-4668-BE54-9A1E7A4F7556}") = "Catalog.API", "..\src\Services\Catalog\Catalog.API\Catalog.API.csproj", "{ABDA8950-AB3B-4EEB-9C2C-D46D6DD1DD2C}"
EndProject
Project("{2150E333-8FDC-42A3-9474-1A3956D46DE8}") = "BuildingBlocks", "BuildingBlocks", "{6A2904B3-AE54-4BEF-ACBD-CDFCA19FF2DE}"
EndProject
Project("{FAE04EC0-301F-11D3-BF4B-00C04F79EFBC}") = "BuildingBlocks", "..\src\BuildingBlocks\BuildingBlocks\BuildingBlocks.csproj", "{4694E5E6-B454-40D3-8857-15ECAB9619C1}"
EndProject
Global
	GlobalSection(SolutionConfigurationPlatforms) = preSolution
		Debug|Any CPU = Debug|Any CPU
		Release|Any CPU = Release|Any CPU
	EndGlobalSection
	GlobalSection(ProjectConfigurationPlatforms) = postSolution
		{ABDA8950-AB3B-4EEB-9C2C-D46D6DD1DD2C}.Debug|Any CPU.ActiveCfg = Debug|Any CPU
		{ABDA8950-AB3B-4EEB-9C2C-D46D6DD1DD2C}.Debug|Any CPU.Build.0 = Debug|Any CPU
		{ABDA8950-AB3B-4EEB-9C2C-D46D6DD1DD2C}.Release|Any CPU.ActiveCfg = Release|Any CPU
		{ABDA8950-AB3B-4EEB-9C2C-D46D6DD1DD2C}.Release|Any CPU.Build.0 = Release|Any CPU
		{4694E5E6-B454-40D3-8857-15ECAB9619C1}.Debug|Any CPU.ActiveCfg = Debug|Any CPU
		{4694E5E6-B454-40D3-8857-15ECAB9619C1}.Debug|Any CPU.Build.0 = Debug|Any CPU
		{4694E5E6-B454-40D3-8857-15ECAB9619C1}.Release|Any CPU.ActiveCfg = Release|Any CPU
		{4694E5E6-B454-40D3-8857-15ECAB9619C1}.Release|Any CPU.Build.0 = Release|Any CPU
	EndGlobalSection
	GlobalSection(SolutionProperties) = preSolution
		HideSolutionNode = FALSE
	EndGlobalSection
	GlobalSection(NestedProjects) = preSolution
		{3AA80523-0F7F-4ED1-9220-680C3BFFF315} = {4CDEC6CE-2530-46C9-B9EB-1A5D31F9A89E}
		{ABDA8950-AB3B-4EEB-9C2C-D46D6DD1DD2C} = {3AA80523-0F7F-4ED1-9220-680C3BFFF315}
		{4694E5E6-B454-40D3-8857-15ECAB9619C1} = {6A2904B3-AE54-4BEF-ACBD-CDFCA19FF2DE}
	EndGlobalSection
	GlobalSection(ExtensibilityGlobals) = postSolution
		SolutionGuid = {8658598C-5CB0-4D9C-9206-33EED42C4AF8}
	EndGlobalSection
EndGlobal
